
Microsoft Visual Studio Solution File, Format Version 12.00
# Visual Studio Version 17
VisualStudioVersion = 17.11.35327.3
MinimumVisualStudioVersion = 10.0.40219.1
Project("{FAE04EC0-301F-11D3-BF4B-00C04F79EFBC}") = "GamersShopingListC#MVC", "GamersShopingListC#MVC\GamersShopingListC#MVC.csproj", "{441188A6-194A-496F-A745-FEF9A8C1BADD}"
EndProject
Global
	GlobalSection(SolutionConfigurationPlatforms) = preSolution
		Debug|Any CPU = Debug|Any CPU
		Release|Any CPU = Release|Any CPU
	EndGlobalSection
	GlobalSection(ProjectConfigurationPlatforms) = postSolution
		{441188A6-194A-496F-A745-FEF9A8C1BADD}.Debug|Any CPU.ActiveCfg = Debug|Any CPU
		{441188A6-194A-496F-A745-FEF9A8C1BADD}.Debug|Any CPU.Build.0 = Debug|Any CPU
		{441188A6-194A-496F-A745-FEF9A8C1BADD}.Release|Any CPU.ActiveCfg = Release|Any CPU
		{441188A6-194A-496F-A745-FEF9A8C1BADD}.Release|Any CPU.Build.0 = Release|Any CPU
	EndGlobalSection
	GlobalSection(SolutionProperties) = preSolution
		HideSolutionNode = FALSE
	EndGlobalSection
	GlobalSection(ExtensibilityGlobals) = postSolution
		SolutionGuid = {109E1389-89E4-478B-B385-2E84BA508337}
	EndGlobalSection
EndGlobal
